DEPENDENCIES
  phabricator
    path: site-cookbooks/phabricator
  phabricator-omnibus
    path: .
    metadata: true

GRAPH
  apt (6.1.2)
  build-essential (8.0.3)
    mingw (>= 1.1)
    seven_zip (>= 0.0.0)
  chef_nginx (6.1.1)
    build-essential (>= 0.0.0)
    compat_resource (>= 12.16.3)
    ohai (>= 4.1.0)
    yum-epel (>= 0.0.0)
    zypper (>= 0.0.0)
  compat_resource (12.19.0)
  firewalld (1.1.5)
  inifile_chef_gem (0.1.0)
    build-essential (>= 0.0.0)
  mariadb (1.5.1)
    apt (>= 0.0.0)
    build-essential (>= 0.0.0)
    selinux_policy (~> 2.0)
    yum (>= 0.0.0)
    yum-epel (>= 0.0.0)
    yum-scl (>= 0.0.0)
  mingw (2.0.1)
    seven_zip (>= 0.0.0)
  mysql (8.4.0)
  ohai (5.1.0)
  packages (1.0.0)
  phabricator (0.0.1)
  phabricator-omnibus (0.0.1)
    chef_nginx (~> 6.1)
    firewalld (~> 1.1)
    mariadb (~> 1)
    packages (~> 1)
    php-omnibus (~> 0.1)
    selinux (~> 2)
    yum-epel (~> 2.1)
    yum-ius (~> 2.2)
  php (4.4.0)
    build-essential (>= 0.0.0)
    mysql (>= 6.0.0)
    yum-epel (>= 0.0.0)
  php-fpm (0.7.9)
    apt (>= 0.0.0)
    yum (>= 3.0)
  php-omnibus (0.1.6)
    php (>= 0.0.0)
    php-fpm (>= 0.0.0)
    yum-epel (>= 0.0.0)
    yum-ius (>= 0.0.0)
  selinux (2.0.3)
  selinux_policy (2.0.1)
    compat_resource (>= 12.16.3)
  seven_zip (2.0.2)
    windows (>= 1.2.2)
  windows (3.1.1)
    ohai (>= 4.0.0)
  yum (5.0.1)
  yum-epel (2.1.2)
    compat_resource (>= 12.16.3)
  yum-ius (2.2.0)
    compat_resource (>= 12.16.3)
    yum-epel (>= 0.0.0)
  yum-scl (0.2.0)
    inifile_chef_gem (>= 0.0.0)
    yum (>= 0.0.0)
  zypper (0.4.0)
